schema: '2.0'
stages:
  data_collection:
    cmd: python src/data/data_collection.py
    deps:
    - path: src/data/data_collection.py
      hash: md5
      md5: 785f752d322f207bfc3640886098c3d9
      size: 2100
    params:
      params.yaml:
        data_collection.test_size: 0.2
    outs:
    - path: src/data/raw
      hash: md5
      md5: c0c2d65c14a603e91e029fda3c344a5c.dir
      size: 522262
      nfiles: 2
  data_preprocessing:
    cmd: python src/data/data_prep.py
    deps:
    - path: src/data/data_prep.py
      hash: md5
      md5: 94b5da7d0770536c0cc506f1454d77a4
      size: 1706
    - path: src/data/raw
      hash: md5
      md5: c0c2d65c14a603e91e029fda3c344a5c.dir
      size: 522262
      nfiles: 2
    outs:
    - path: src/data/processed
      hash: md5
      md5: 09d7d1468d5c1e6739769af7e3154438.dir
      size: 546137
      nfiles: 2
  model_building:
    cmd: python src/model/model_building.py
    deps:
    - path: src/data/processed
      hash: md5
      md5: 09d7d1468d5c1e6739769af7e3154438.dir
      size: 546137
      nfiles: 2
    - path: src/model/model_building.py
      hash: md5
      md5: 3b1e288489aced50268917ab99ab51ef
      size: 3172
    params:
      params.yaml:
        model_building.learning_rate: 0.1
        model_building.max_depth: 3
        model_building.n_estimators: 100
    outs:
    - path: src/model/gradient_boosting_model.pkl
      hash: md5
      md5: 0279c94cf4838812ad643692b7bcaada
      size: 131580
    - path: src/model/random_forest_model.pkl
      hash: md5
      md5: e9a88ca231b5c079e9adc1a157928d8c
      size: 7345427
  data_evaluation:
    cmd: python src/model/model_eval.py
    deps:
    - path: src/data/processed/test_processed.csv
      hash: md5
      md5: 6208ecb5989dd7b7e0031d379f3fd42d
      size: 109438
    - path: src/model/gradient_boosting_model.pkl
      hash: md5
      md5: 0279c94cf4838812ad643692b7bcaada
      size: 131580
    - path: src/model/model_eval.py
      hash: md5
      md5: b52fe2c53b35678c9eaed118114f7d53
      size: 4893
    - path: src/model/random_forest_model.pkl
      hash: md5
      md5: e9a88ca231b5c079e9adc1a157928d8c
      size: 7345427
    params:
      params.yaml:
        data_collection.test_size: 0.2
        model_building.learning_rate: 0.1
        model_building.max_depth: 3
        model_building.n_estimators: 100
    outs:
    - path: reports/metrics.json
      hash: md5
      md5: d9c9efba00df44490135c32c85c24177
      size: 297
